
Microsoft Visual Studio Solution File, Format Version 12.00
# Visual Studio Version 17
VisualStudioVersion = 17.0.32002.185
MinimumVisualStudioVersion = 10.0.40219.1
Project("{FAE04EC0-301F-11D3-BF4B-00C04F79EFBC}") = "AdminIngresosGastos", "AdminIngresosGastos.csproj", "{B6E40DA0-010D-4E7E-9E1D-2D6060909292}"
EndProject
Global
	GlobalSection(SolutionConfigurationPlatforms) = preSolution
		Debug|Any CPU = Debug|Any CPU
		Release|Any CPU = Release|Any CPU
	EndGlobalSection
	GlobalSection(ProjectConfigurationPlatforms) = postSolution
		{B6E40DA0-010D-4E7E-9E1D-2D6060909292}.Debug|Any CPU.ActiveCfg = Debug|Any CPU
		{B6E40DA0-010D-4E7E-9E1D-2D6060909292}.Debug|Any CPU.Build.0 = Debug|Any CPU
		{B6E40DA0-010D-4E7E-9E1D-2D6060909292}.Release|Any CPU.ActiveCfg = Release|Any CPU
		{B6E40DA0-010D-4E7E-9E1D-2D6060909292}.Release|Any CPU.Build.0 = Release|Any CPU
	EndGlobalSection
	GlobalSection(SolutionProperties) = preSolution
		HideSolutionNode = FALSE
	EndGlobalSection
	GlobalSection(ExtensibilityGlobals) = postSolution
		SolutionGuid = {ECB7059B-E85C-4556-AAA4-59561F828234}
	EndGlobalSection
EndGlobal
